
Microsoft Visual Studio Solution File, Format Version 12.00
# Visual Studio Version 16
VisualStudioVersion = 16.0.30413.136
MinimumVisualStudioVersion = 10.0.40219.1
Project("{FAE04EC0-301F-11D3-BF4B-00C04F79EFBC}") = "Isbutik_Uli", "Isbutik_Uli\Isbutik_Uli.csproj", "{99D920E7-27F7-4802-B5FC-2317560C2365}"
EndProject
Global
	GlobalSection(SolutionConfigurationPlatforms) = preSolution
		Debug|Any CPU = Debug|Any CPU
		Release|Any CPU = Release|Any CPU
	EndGlobalSection
	GlobalSection(ProjectConfigurationPlatforms) = postSolution
		{99D920E7-27F7-4802-B5FC-2317560C2365}.Debug|Any CPU.ActiveCfg = Debug|Any CPU
		{99D920E7-27F7-4802-B5FC-2317560C2365}.Debug|Any CPU.Build.0 = Debug|Any CPU
		{99D920E7-27F7-4802-B5FC-2317560C2365}.Release|Any CPU.ActiveCfg = Release|Any CPU
		{99D920E7-27F7-4802-B5FC-2317560C2365}.Release|Any CPU.Build.0 = Release|Any CPU
	EndGlobalSection
	GlobalSection(SolutionProperties) = preSolution
		HideSolutionNode = FALSE
	EndGlobalSection
	GlobalSection(ExtensibilityGlobals) = postSolution
		SolutionGuid = {8B42C2EC-AC5F-412E-A467-B7F4BC045CAD}
	EndGlobalSection
EndGlobal
